
Microsoft Visual Studio Solution File, Format Version 12.00
# Visual Studio Version 16
VisualStudioVersion = 16.0.30011.22
MinimumVisualStudioVersion = 10.0.40219.1
Project("{9A19103F-16F7-4668-BE54-9A1E7A4F7556}") = "CareStream.LoggerService", "CareStream.LoggerService\CareStream.LoggerService.csproj", "{FE978A51-6198-4538-9170-87F4CB255DF5}"
EndProject
Project("{9A19103F-16F7-4668-BE54-9A1E7A4F7556}") = "CareStream.Models", "CareStream.Models\CareStream.Models.csproj", "{03262121-D4DD-468B-9B7B-9ABF7908CAB0}"
EndProject
Project("{9A19103F-16F7-4668-BE54-9A1E7A4F7556}") = "CareStream.Utility", "CareStream.Utility\CareStream.Utility.csproj", "{442AAE73-5CAD-4115-BCFF-8993822F2720}"
EndProject
Project("{9A19103F-16F7-4668-BE54-9A1E7A4F7556}") = "CareStream.WebApp", "CareStream.WebApp\CareStream.WebApp.csproj", "{EA954454-47F1-4A72-B0F9-B09B9DF0D2F2}"
EndProject
Project("{9A19103F-16F7-4668-BE54-9A1E7A4F7556}") = "CareStream.Scheduler", "CareStream.Scheduler\CareStream.Scheduler.csproj", "{52E3F425-2E0B-4E2A-95E0-63497CEAB17F}"
EndProject
Project("{FAE04EC0-301F-11D3-BF4B-00C04F79EFBC}") = "CareStream.Test", "CareStream.Test\CareStream.Test.csproj", "{B0BE8184-4D02-4171-82F9-CC2811541D12}"
EndProject
Global
	GlobalSection(SolutionConfigurationPlatforms) = preSolution
		Debug|Any CPU = Debug|Any CPU
		Release|Any CPU = Release|Any CPU
	EndGlobalSection
	GlobalSection(ProjectConfigurationPlatforms) = postSolution
		{FE978A51-6198-4538-9170-87F4CB255DF5}.Debug|Any CPU.ActiveCfg = Debug|Any CPU
		{FE978A51-6198-4538-9170-87F4CB255DF5}.Debug|Any CPU.Build.0 = Debug|Any CPU
		{FE978A51-6198-4538-9170-87F4CB255DF5}.Release|Any CPU.ActiveCfg = Release|Any CPU
		{FE978A51-6198-4538-9170-87F4CB255DF5}.Release|Any CPU.Build.0 = Release|Any CPU
		{03262121-D4DD-468B-9B7B-9ABF7908CAB0}.Debug|Any CPU.ActiveCfg = Debug|Any CPU
		{03262121-D4DD-468B-9B7B-9ABF7908CAB0}.Debug|Any CPU.Build.0 = Debug|Any CPU
		{03262121-D4DD-468B-9B7B-9ABF7908CAB0}.Release|Any CPU.ActiveCfg = Release|Any CPU
		{03262121-D4DD-468B-9B7B-9ABF7908CAB0}.Release|Any CPU.Build.0 = Release|Any CPU
		{442AAE73-5CAD-4115-BCFF-8993822F2720}.Debug|Any CPU.ActiveCfg = Debug|Any CPU
		{442AAE73-5CAD-4115-BCFF-8993822F2720}.Debug|Any CPU.Build.0 = Debug|Any CPU
		{442AAE73-5CAD-4115-BCFF-8993822F2720}.Release|Any CPU.ActiveCfg = Release|Any CPU
		{442AAE73-5CAD-4115-BCFF-8993822F2720}.Release|Any CPU.Build.0 = Release|Any CPU
		{EA954454-47F1-4A72-B0F9-B09B9DF0D2F2}.Debug|Any CPU.ActiveCfg = Debug|Any CPU
		{EA954454-47F1-4A72-B0F9-B09B9DF0D2F2}.Debug|Any CPU.Build.0 = Debug|Any CPU
		{EA954454-47F1-4A72-B0F9-B09B9DF0D2F2}.Release|Any CPU.ActiveCfg = Release|Any CPU
		{EA954454-47F1-4A72-B0F9-B09B9DF0D2F2}.Release|Any CPU.Build.0 = Release|Any CPU
		{52E3F425-2E0B-4E2A-95E0-63497CEAB17F}.Debug|Any CPU.ActiveCfg = Debug|Any CPU
		{52E3F425-2E0B-4E2A-95E0-63497CEAB17F}.Debug|Any CPU.Build.0 = Debug|Any CPU
		{52E3F425-2E0B-4E2A-95E0-63497CEAB17F}.Release|Any CPU.ActiveCfg = Release|Any CPU
		{52E3F425-2E0B-4E2A-95E0-63497CEAB17F}.Release|Any CPU.Build.0 = Release|Any CPU
		{B0BE8184-4D02-4171-82F9-CC2811541D12}.Debug|Any CPU.ActiveCfg = Debug|Any CPU
		{B0BE8184-4D02-4171-82F9-CC2811541D12}.Debug|Any CPU.Build.0 = Debug|Any CPU
		{B0BE8184-4D02-4171-82F9-CC2811541D12}.Release|Any CPU.ActiveCfg = Release|Any CPU
		{B0BE8184-4D02-4171-82F9-CC2811541D12}.Release|Any CPU.Build.0 = Release|Any CPU
	EndGlobalSection
	GlobalSection(SolutionProperties) = preSolution
		HideSolutionNode = FALSE
	EndGlobalSection
	GlobalSection(ExtensibilityGlobals) = postSolution
		SolutionGuid = {45C8E822-E18A-41EB-902C-9FF6B6F67DEA}
	EndGlobalSection
EndGlobal
